
Microsoft Visual Studio Solution File, Format Version 12.00
# Visual Studio Version 17
VisualStudioVersion = 17.5.33516.290
MinimumVisualStudioVersion = 10.0.40219.1
Project("{9A19103F-16F7-4668-BE54-9A1E7A4F7556}") = "Toolbox", "Tools\Toolbox\Toolbox.csproj", "{9E77BC5E-863E-4368-89E9-3C26AA8BA3FE}"
EndProject
Project("{2150E333-8FDC-42A3-9474-1A3956D46DE8}") = "Tools", "Tools", "{6B4B2268-24A0-49B8-A0D5-CBEB52232898}"
EndProject
Project("{9A19103F-16F7-4668-BE54-9A1E7A4F7556}") = "Toolbox.Test", "Tools\Toolbox.Test\Toolbox.Test.csproj", "{0BCC7BB7-AF85-4C47-A066-6AD007F145E1}"
EndProject
Project("{9A19103F-16F7-4668-BE54-9A1E7A4F7556}") = "Toolbox.Block", "Tools\Toolbox.Block\Toolbox.Block.csproj", "{6E88095F-1CCB-4E3B-B2D4-173C0842EC60}"
EndProject
Project("{9A19103F-16F7-4668-BE54-9A1E7A4F7556}") = "Toolbox.Block.Test", "Tools\Toolbox.Block.Test\Toolbox.Block.Test.csproj", "{A5E80764-0F93-4859-8F35-EC14868D7A4A}"
EndProject
Project("{9A19103F-16F7-4668-BE54-9A1E7A4F7556}") = "Toolbox.Azure", "Tools\Toolbox.Azure\Toolbox.Azure.csproj", "{8730EF5A-DF50-4F46-956C-6409A30A2D9F}"
EndProject
Project("{9A19103F-16F7-4668-BE54-9A1E7A4F7556}") = "Toolbox.Azure.test", "Tools\Toolbox.Azure.test\Toolbox.Azure.test.csproj", "{1E92660A-C80A-4C4B-84EE-FB8650910156}"
EndProject
Project("{9A19103F-16F7-4668-BE54-9A1E7A4F7556}") = "SpinPortal", "SpinPortal\SpinPortal.csproj", "{477A8A5A-7FF2-4A2F-81AF-7252A443EAD4}"
EndProject
Project("{9A19103F-16F7-4668-BE54-9A1E7A4F7556}") = "SpinClusterApi", "SpinClusterApi\SpinClusterApi.csproj", "{F405BBD4-594A-47EF-BAFE-0179297A04CF}"
EndProject
Project("{9A19103F-16F7-4668-BE54-9A1E7A4F7556}") = "SpinClusterCmd", "SpinClusterCmd\SpinClusterCmd.csproj", "{61F9851C-D246-48A3-A2F2-242A0913E6A1}"
EndProject
Project("{9A19103F-16F7-4668-BE54-9A1E7A4F7556}") = "SpinCluster.sdk", "SpinCluster.sdk\SpinCluster.sdk.csproj", "{01B9E062-79A2-4C9B-975B-7C6DCC19C341}"
EndProject
Project("{9A19103F-16F7-4668-BE54-9A1E7A4F7556}") = "SpinCluster.sdk.test", "SpinCluster.sdk.test\SpinCluster.sdk.test.csproj", "{00DA8F3C-4B77-4E74-855B-734D6B0C3762}"
EndProject
Project("{9A19103F-16F7-4668-BE54-9A1E7A4F7556}") = "Toolbox.TestApi", "Tools\Toolbox.TestApi\Toolbox.TestApi.csproj", "{3E4D6778-2233-46A6-B305-CFE1D806923D}"
EndProject
Project("{9A19103F-16F7-4668-BE54-9A1E7A4F7556}") = "SoftBank.sdk.test", "SoftBank.sdk.test\SoftBank.sdk.test.csproj", "{A710FDAE-F49B-410E-832D-623ABB8B9340}"
EndProject
Project("{9A19103F-16F7-4668-BE54-9A1E7A4F7556}") = "SoftBank.sdk", "SoftBank.sdk\SoftBank.sdk.csproj", "{53614308-3CD6-4D49-8372-0F55E21C2502}"
EndProject
Project("{9A19103F-16F7-4668-BE54-9A1E7A4F7556}") = "SpinClusterApi.test", "SpinClusterApi.test\SpinClusterApi.test.csproj", "{147959C5-20C7-43EC-9600-FA7FE7B10B55}"
EndProject
Project("{2150E333-8FDC-42A3-9474-1A3956D46DE8}") = "Solution Items", "Solution Items", "{9CB07323-2EC2-47D9-8214-EEDECAD888F5}"
	ProjectSection(SolutionItems) = preProject
		Notes.md = Notes.md
	EndProjectSection
EndProject
Global
	GlobalSection(SolutionConfigurationPlatforms) = preSolution
		Debug|Any CPU = Debug|Any CPU
		Release|Any CPU = Release|Any CPU
	EndGlobalSection
	GlobalSection(ProjectConfigurationPlatforms) = postSolution
		{9E77BC5E-863E-4368-89E9-3C26AA8BA3FE}.Debug|Any CPU.ActiveCfg = Debug|Any CPU
		{9E77BC5E-863E-4368-89E9-3C26AA8BA3FE}.Debug|Any CPU.Build.0 = Debug|Any CPU
		{9E77BC5E-863E-4368-89E9-3C26AA8BA3FE}.Release|Any CPU.ActiveCfg = Release|Any CPU
		{9E77BC5E-863E-4368-89E9-3C26AA8BA3FE}.Release|Any CPU.Build.0 = Release|Any CPU
		{0BCC7BB7-AF85-4C47-A066-6AD007F145E1}.Debug|Any CPU.ActiveCfg = Debug|Any CPU
		{0BCC7BB7-AF85-4C47-A066-6AD007F145E1}.Debug|Any CPU.Build.0 = Debug|Any CPU
		{0BCC7BB7-AF85-4C47-A066-6AD007F145E1}.Release|Any CPU.ActiveCfg = Release|Any CPU
		{0BCC7BB7-AF85-4C47-A066-6AD007F145E1}.Release|Any CPU.Build.0 = Release|Any CPU
		{6E88095F-1CCB-4E3B-B2D4-173C0842EC60}.Debug|Any CPU.ActiveCfg = Debug|Any CPU
		{6E88095F-1CCB-4E3B-B2D4-173C0842EC60}.Debug|Any CPU.Build.0 = Debug|Any CPU
		{6E88095F-1CCB-4E3B-B2D4-173C0842EC60}.Release|Any CPU.ActiveCfg = Release|Any CPU
		{6E88095F-1CCB-4E3B-B2D4-173C0842EC60}.Release|Any CPU.Build.0 = Release|Any CPU
		{A5E80764-0F93-4859-8F35-EC14868D7A4A}.Debug|Any CPU.ActiveCfg = Debug|Any CPU
		{A5E80764-0F93-4859-8F35-EC14868D7A4A}.Debug|Any CPU.Build.0 = Debug|Any CPU
		{A5E80764-0F93-4859-8F35-EC14868D7A4A}.Release|Any CPU.ActiveCfg = Release|Any CPU
		{A5E80764-0F93-4859-8F35-EC14868D7A4A}.Release|Any CPU.Build.0 = Release|Any CPU
		{8730EF5A-DF50-4F46-956C-6409A30A2D9F}.Debug|Any CPU.ActiveCfg = Debug|Any CPU
		{8730EF5A-DF50-4F46-956C-6409A30A2D9F}.Debug|Any CPU.Build.0 = Debug|Any CPU
		{8730EF5A-DF50-4F46-956C-6409A30A2D9F}.Release|Any CPU.ActiveCfg = Release|Any CPU
		{8730EF5A-DF50-4F46-956C-6409A30A2D9F}.Release|Any CPU.Build.0 = Release|Any CPU
		{1E92660A-C80A-4C4B-84EE-FB8650910156}.Debug|Any CPU.ActiveCfg = Debug|Any CPU
		{1E92660A-C80A-4C4B-84EE-FB8650910156}.Debug|Any CPU.Build.0 = Debug|Any CPU
		{1E92660A-C80A-4C4B-84EE-FB8650910156}.Release|Any CPU.ActiveCfg = Release|Any CPU
		{1E92660A-C80A-4C4B-84EE-FB8650910156}.Release|Any CPU.Build.0 = Release|Any CPU
		{477A8A5A-7FF2-4A2F-81AF-7252A443EAD4}.Debug|Any CPU.ActiveCfg = Debug|Any CPU
		{477A8A5A-7FF2-4A2F-81AF-7252A443EAD4}.Debug|Any CPU.Build.0 = Debug|Any CPU
		{477A8A5A-7FF2-4A2F-81AF-7252A443EAD4}.Release|Any CPU.ActiveCfg = Release|Any CPU
		{477A8A5A-7FF2-4A2F-81AF-7252A443EAD4}.Release|Any CPU.Build.0 = Release|Any CPU
		{F405BBD4-594A-47EF-BAFE-0179297A04CF}.Debug|Any CPU.ActiveCfg = Debug|Any CPU
		{F405BBD4-594A-47EF-BAFE-0179297A04CF}.Debug|Any CPU.Build.0 = Debug|Any CPU
		{F405BBD4-594A-47EF-BAFE-0179297A04CF}.Release|Any CPU.ActiveCfg = Release|Any CPU
		{F405BBD4-594A-47EF-BAFE-0179297A04CF}.Release|Any CPU.Build.0 = Release|Any CPU
		{61F9851C-D246-48A3-A2F2-242A0913E6A1}.Debug|Any CPU.ActiveCfg = Debug|Any CPU
		{61F9851C-D246-48A3-A2F2-242A0913E6A1}.Debug|Any CPU.Build.0 = Debug|Any CPU
		{61F9851C-D246-48A3-A2F2-242A0913E6A1}.Release|Any CPU.ActiveCfg = Release|Any CPU
		{61F9851C-D246-48A3-A2F2-242A0913E6A1}.Release|Any CPU.Build.0 = Release|Any CPU
		{01B9E062-79A2-4C9B-975B-7C6DCC19C341}.Debug|Any CPU.ActiveCfg = Debug|Any CPU
		{01B9E062-79A2-4C9B-975B-7C6DCC19C341}.Debug|Any CPU.Build.0 = Debug|Any CPU
		{01B9E062-79A2-4C9B-975B-7C6DCC19C341}.Release|Any CPU.ActiveCfg = Release|Any CPU
		{01B9E062-79A2-4C9B-975B-7C6DCC19C341}.Release|Any CPU.Build.0 = Release|Any CPU
		{00DA8F3C-4B77-4E74-855B-734D6B0C3762}.Debug|Any CPU.ActiveCfg = Debug|Any CPU
		{00DA8F3C-4B77-4E74-855B-734D6B0C3762}.Debug|Any CPU.Build.0 = Debug|Any CPU
		{00DA8F3C-4B77-4E74-855B-734D6B0C3762}.Release|Any CPU.ActiveCfg = Release|Any CPU
		{00DA8F3C-4B77-4E74-855B-734D6B0C3762}.Release|Any CPU.Build.0 = Release|Any CPU
		{3E4D6778-2233-46A6-B305-CFE1D806923D}.Debug|Any CPU.ActiveCfg = Debug|Any CPU
		{3E4D6778-2233-46A6-B305-CFE1D806923D}.Debug|Any CPU.Build.0 = Debug|Any CPU
		{3E4D6778-2233-46A6-B305-CFE1D806923D}.Release|Any CPU.ActiveCfg = Release|Any CPU
		{3E4D6778-2233-46A6-B305-CFE1D806923D}.Release|Any CPU.Build.0 = Release|Any CPU
		{A710FDAE-F49B-410E-832D-623ABB8B9340}.Debug|Any CPU.ActiveCfg = Debug|Any CPU
		{A710FDAE-F49B-410E-832D-623ABB8B9340}.Debug|Any CPU.Build.0 = Debug|Any CPU
		{A710FDAE-F49B-410E-832D-623ABB8B9340}.Release|Any CPU.ActiveCfg = Release|Any CPU
		{A710FDAE-F49B-410E-832D-623ABB8B9340}.Release|Any CPU.Build.0 = Release|Any CPU
		{53614308-3CD6-4D49-8372-0F55E21C2502}.Debug|Any CPU.ActiveCfg = Debug|Any CPU
		{53614308-3CD6-4D49-8372-0F55E21C2502}.Debug|Any CPU.Build.0 = Debug|Any CPU
		{53614308-3CD6-4D49-8372-0F55E21C2502}.Release|Any CPU.ActiveCfg = Release|Any CPU
		{53614308-3CD6-4D49-8372-0F55E21C2502}.Release|Any CPU.Build.0 = Release|Any CPU
		{147959C5-20C7-43EC-9600-FA7FE7B10B55}.Debug|Any CPU.ActiveCfg = Debug|Any CPU
		{147959C5-20C7-43EC-9600-FA7FE7B10B55}.Debug|Any CPU.Build.0 = Debug|Any CPU
		{147959C5-20C7-43EC-9600-FA7FE7B10B55}.Release|Any CPU.ActiveCfg = Release|Any CPU
		{147959C5-20C7-43EC-9600-FA7FE7B10B55}.Release|Any CPU.Build.0 = Release|Any CPU
	EndGlobalSection
	GlobalSection(SolutionProperties) = preSolution
		HideSolutionNode = FALSE
	EndGlobalSection
	GlobalSection(NestedProjects) = preSolution
		{9E77BC5E-863E-4368-89E9-3C26AA8BA3FE} = {6B4B2268-24A0-49B8-A0D5-CBEB52232898}
		{0BCC7BB7-AF85-4C47-A066-6AD007F145E1} = {6B4B2268-24A0-49B8-A0D5-CBEB52232898}
		{6E88095F-1CCB-4E3B-B2D4-173C0842EC60} = {6B4B2268-24A0-49B8-A0D5-CBEB52232898}
		{A5E80764-0F93-4859-8F35-EC14868D7A4A} = {6B4B2268-24A0-49B8-A0D5-CBEB52232898}
		{8730EF5A-DF50-4F46-956C-6409A30A2D9F} = {6B4B2268-24A0-49B8-A0D5-CBEB52232898}
		{1E92660A-C80A-4C4B-84EE-FB8650910156} = {6B4B2268-24A0-49B8-A0D5-CBEB52232898}
		{3E4D6778-2233-46A6-B305-CFE1D806923D} = {6B4B2268-24A0-49B8-A0D5-CBEB52232898}
	EndGlobalSection
	GlobalSection(ExtensibilityGlobals) = postSolution
		SolutionGuid = {C148F5D7-56ED-4D3F-8AAB-8363CB110674}
	EndGlobalSection
EndGlobal
