
Microsoft Visual Studio Solution File, Format Version 12.00
# Visual Studio Version 17
VisualStudioVersion = 17.5.33516.290
MinimumVisualStudioVersion = 10.0.40219.1
Project("{9A19103F-16F7-4668-BE54-9A1E7A4F7556}") = "Toolbox", "Tools\Toolbox\Toolbox.csproj", "{9E77BC5E-863E-4368-89E9-3C26AA8BA3FE}"
EndProject
Project("{2150E333-8FDC-42A3-9474-1A3956D46DE8}") = "Tools", "Tools", "{6B4B2268-24A0-49B8-A0D5-CBEB52232898}"
EndProject
Project("{9A19103F-16F7-4668-BE54-9A1E7A4F7556}") = "Toolbox.Test", "Tools\Toolbox.Test\Toolbox.Test.csproj", "{0BCC7BB7-AF85-4C47-A066-6AD007F145E1}"
EndProject
Project("{9A19103F-16F7-4668-BE54-9A1E7A4F7556}") = "Toolbox.Block", "Tools\Toolbox.Block\Toolbox.Block.csproj", "{6E88095F-1CCB-4E3B-B2D4-173C0842EC60}"
EndProject
Project("{9A19103F-16F7-4668-BE54-9A1E7A4F7556}") = "Toolbox.Block.Test", "Tools\Toolbox.Block.Test\Toolbox.Block.Test.csproj", "{A5E80764-0F93-4859-8F35-EC14868D7A4A}"
EndProject
Project("{2150E333-8FDC-42A3-9474-1A3956D46DE8}") = "Directory", "Directory", "{367BF306-FFB5-417C-9C2B-43A6D18F8B81}"
EndProject
Project("{9A19103F-16F7-4668-BE54-9A1E7A4F7556}") = "Directory.sdk", "Directory\Directory.sdk\Directory.sdk.csproj", "{9D6100C0-6FA5-4EC3-BC48-29F46E958911}"
EndProject
Project("{9A19103F-16F7-4668-BE54-9A1E7A4F7556}") = "DirectoryApi", "Directory\DirectoryApi\DirectoryApi.csproj", "{85B611F0-C942-4ADB-BF77-451DF3234DA7}"
EndProject
Project("{9A19103F-16F7-4668-BE54-9A1E7A4F7556}") = "Directory.test", "Directory\Directory.test\Directory.test.csproj", "{D309755E-934F-473B-AFEB-2529809F178D}"
EndProject
Project("{2150E333-8FDC-42A3-9474-1A3956D46DE8}") = "ObjectStore", "ObjectStore", "{0F7D2C9D-A287-4C26-91B3-C92BA898A26A}"
EndProject
Project("{9A19103F-16F7-4668-BE54-9A1E7A4F7556}") = "ObjectStore.test", "ObjectStore\ObjectStore.test\ObjectStore.test.csproj", "{F11E962E-1FD1-4F44-B194-EEA9577ED0E4}"
EndProject
Project("{9A19103F-16F7-4668-BE54-9A1E7A4F7556}") = "ObjectStore.sdk", "ObjectStore\ObjectStore.sdk\ObjectStore.sdk.csproj", "{85E49189-7843-4A45-902C-6800999FF8DA}"
EndProject
Project("{9A19103F-16F7-4668-BE54-9A1E7A4F7556}") = "ObjectStoreApi", "ObjectStore\ObjectStoreApi\ObjectStoreApi.csproj", "{F680EDE8-6D46-4020-BBEF-0384D6DBA2F8}"
EndProject
Project("{9A19103F-16F7-4668-BE54-9A1E7A4F7556}") = "Toolbox.Azure", "Tools\Toolbox.Azure\Toolbox.Azure.csproj", "{8730EF5A-DF50-4F46-956C-6409A30A2D9F}"
EndProject
Project("{FAE04EC0-301F-11D3-BF4B-00C04F79EFBC}") = "Toolbox.Azure.test", "Tools\Toolbox.Azure.test\Toolbox.Azure.test.csproj", "{1E92660A-C80A-4C4B-84EE-FB8650910156}"
EndProject
Global
	GlobalSection(SolutionConfigurationPlatforms) = preSolution
		Debug|Any CPU = Debug|Any CPU
		Release|Any CPU = Release|Any CPU
	EndGlobalSection
	GlobalSection(ProjectConfigurationPlatforms) = postSolution
		{9E77BC5E-863E-4368-89E9-3C26AA8BA3FE}.Debug|Any CPU.ActiveCfg = Debug|Any CPU
		{9E77BC5E-863E-4368-89E9-3C26AA8BA3FE}.Debug|Any CPU.Build.0 = Debug|Any CPU
		{9E77BC5E-863E-4368-89E9-3C26AA8BA3FE}.Release|Any CPU.ActiveCfg = Release|Any CPU
		{9E77BC5E-863E-4368-89E9-3C26AA8BA3FE}.Release|Any CPU.Build.0 = Release|Any CPU
		{0BCC7BB7-AF85-4C47-A066-6AD007F145E1}.Debug|Any CPU.ActiveCfg = Debug|Any CPU
		{0BCC7BB7-AF85-4C47-A066-6AD007F145E1}.Debug|Any CPU.Build.0 = Debug|Any CPU
		{0BCC7BB7-AF85-4C47-A066-6AD007F145E1}.Release|Any CPU.ActiveCfg = Release|Any CPU
		{0BCC7BB7-AF85-4C47-A066-6AD007F145E1}.Release|Any CPU.Build.0 = Release|Any CPU
		{6E88095F-1CCB-4E3B-B2D4-173C0842EC60}.Debug|Any CPU.ActiveCfg = Debug|Any CPU
		{6E88095F-1CCB-4E3B-B2D4-173C0842EC60}.Debug|Any CPU.Build.0 = Debug|Any CPU
		{6E88095F-1CCB-4E3B-B2D4-173C0842EC60}.Release|Any CPU.ActiveCfg = Release|Any CPU
		{6E88095F-1CCB-4E3B-B2D4-173C0842EC60}.Release|Any CPU.Build.0 = Release|Any CPU
		{A5E80764-0F93-4859-8F35-EC14868D7A4A}.Debug|Any CPU.ActiveCfg = Debug|Any CPU
		{A5E80764-0F93-4859-8F35-EC14868D7A4A}.Debug|Any CPU.Build.0 = Debug|Any CPU
		{A5E80764-0F93-4859-8F35-EC14868D7A4A}.Release|Any CPU.ActiveCfg = Release|Any CPU
		{A5E80764-0F93-4859-8F35-EC14868D7A4A}.Release|Any CPU.Build.0 = Release|Any CPU
		{9D6100C0-6FA5-4EC3-BC48-29F46E958911}.Debug|Any CPU.ActiveCfg = Debug|Any CPU
		{9D6100C0-6FA5-4EC3-BC48-29F46E958911}.Debug|Any CPU.Build.0 = Debug|Any CPU
		{9D6100C0-6FA5-4EC3-BC48-29F46E958911}.Release|Any CPU.ActiveCfg = Release|Any CPU
		{9D6100C0-6FA5-4EC3-BC48-29F46E958911}.Release|Any CPU.Build.0 = Release|Any CPU
		{85B611F0-C942-4ADB-BF77-451DF3234DA7}.Debug|Any CPU.ActiveCfg = Debug|Any CPU
		{85B611F0-C942-4ADB-BF77-451DF3234DA7}.Debug|Any CPU.Build.0 = Debug|Any CPU
		{85B611F0-C942-4ADB-BF77-451DF3234DA7}.Release|Any CPU.ActiveCfg = Release|Any CPU
		{85B611F0-C942-4ADB-BF77-451DF3234DA7}.Release|Any CPU.Build.0 = Release|Any CPU
		{D309755E-934F-473B-AFEB-2529809F178D}.Debug|Any CPU.ActiveCfg = Debug|Any CPU
		{D309755E-934F-473B-AFEB-2529809F178D}.Debug|Any CPU.Build.0 = Debug|Any CPU
		{D309755E-934F-473B-AFEB-2529809F178D}.Release|Any CPU.ActiveCfg = Release|Any CPU
		{D309755E-934F-473B-AFEB-2529809F178D}.Release|Any CPU.Build.0 = Release|Any CPU
		{F11E962E-1FD1-4F44-B194-EEA9577ED0E4}.Debug|Any CPU.ActiveCfg = Debug|Any CPU
		{F11E962E-1FD1-4F44-B194-EEA9577ED0E4}.Debug|Any CPU.Build.0 = Debug|Any CPU
		{F11E962E-1FD1-4F44-B194-EEA9577ED0E4}.Release|Any CPU.ActiveCfg = Release|Any CPU
		{F11E962E-1FD1-4F44-B194-EEA9577ED0E4}.Release|Any CPU.Build.0 = Release|Any CPU
		{85E49189-7843-4A45-902C-6800999FF8DA}.Debug|Any CPU.ActiveCfg = Debug|Any CPU
		{85E49189-7843-4A45-902C-6800999FF8DA}.Debug|Any CPU.Build.0 = Debug|Any CPU
		{85E49189-7843-4A45-902C-6800999FF8DA}.Release|Any CPU.ActiveCfg = Release|Any CPU
		{85E49189-7843-4A45-902C-6800999FF8DA}.Release|Any CPU.Build.0 = Release|Any CPU
		{F680EDE8-6D46-4020-BBEF-0384D6DBA2F8}.Debug|Any CPU.ActiveCfg = Debug|Any CPU
		{F680EDE8-6D46-4020-BBEF-0384D6DBA2F8}.Debug|Any CPU.Build.0 = Debug|Any CPU
		{F680EDE8-6D46-4020-BBEF-0384D6DBA2F8}.Release|Any CPU.ActiveCfg = Release|Any CPU
		{F680EDE8-6D46-4020-BBEF-0384D6DBA2F8}.Release|Any CPU.Build.0 = Release|Any CPU
		{8730EF5A-DF50-4F46-956C-6409A30A2D9F}.Debug|Any CPU.ActiveCfg = Debug|Any CPU
		{8730EF5A-DF50-4F46-956C-6409A30A2D9F}.Debug|Any CPU.Build.0 = Debug|Any CPU
		{8730EF5A-DF50-4F46-956C-6409A30A2D9F}.Release|Any CPU.ActiveCfg = Release|Any CPU
		{8730EF5A-DF50-4F46-956C-6409A30A2D9F}.Release|Any CPU.Build.0 = Release|Any CPU
		{1E92660A-C80A-4C4B-84EE-FB8650910156}.Debug|Any CPU.ActiveCfg = Debug|Any CPU
		{1E92660A-C80A-4C4B-84EE-FB8650910156}.Debug|Any CPU.Build.0 = Debug|Any CPU
		{1E92660A-C80A-4C4B-84EE-FB8650910156}.Release|Any CPU.ActiveCfg = Release|Any CPU
		{1E92660A-C80A-4C4B-84EE-FB8650910156}.Release|Any CPU.Build.0 = Release|Any CPU
	EndGlobalSection
	GlobalSection(SolutionProperties) = preSolution
		HideSolutionNode = FALSE
	EndGlobalSection
	GlobalSection(NestedProjects) = preSolution
		{9E77BC5E-863E-4368-89E9-3C26AA8BA3FE} = {6B4B2268-24A0-49B8-A0D5-CBEB52232898}
		{0BCC7BB7-AF85-4C47-A066-6AD007F145E1} = {6B4B2268-24A0-49B8-A0D5-CBEB52232898}
		{6E88095F-1CCB-4E3B-B2D4-173C0842EC60} = {6B4B2268-24A0-49B8-A0D5-CBEB52232898}
		{A5E80764-0F93-4859-8F35-EC14868D7A4A} = {6B4B2268-24A0-49B8-A0D5-CBEB52232898}
		{9D6100C0-6FA5-4EC3-BC48-29F46E958911} = {367BF306-FFB5-417C-9C2B-43A6D18F8B81}
		{85B611F0-C942-4ADB-BF77-451DF3234DA7} = {367BF306-FFB5-417C-9C2B-43A6D18F8B81}
		{D309755E-934F-473B-AFEB-2529809F178D} = {367BF306-FFB5-417C-9C2B-43A6D18F8B81}
		{F11E962E-1FD1-4F44-B194-EEA9577ED0E4} = {0F7D2C9D-A287-4C26-91B3-C92BA898A26A}
		{85E49189-7843-4A45-902C-6800999FF8DA} = {0F7D2C9D-A287-4C26-91B3-C92BA898A26A}
		{F680EDE8-6D46-4020-BBEF-0384D6DBA2F8} = {0F7D2C9D-A287-4C26-91B3-C92BA898A26A}
		{8730EF5A-DF50-4F46-956C-6409A30A2D9F} = {6B4B2268-24A0-49B8-A0D5-CBEB52232898}
		{1E92660A-C80A-4C4B-84EE-FB8650910156} = {6B4B2268-24A0-49B8-A0D5-CBEB52232898}
	EndGlobalSection
	GlobalSection(ExtensibilityGlobals) = postSolution
		SolutionGuid = {C148F5D7-56ED-4D3F-8AAB-8363CB110674}
	EndGlobalSection
EndGlobal
