
Microsoft Visual Studio Solution File, Format Version 12.00
# Visual Studio Version 17
VisualStudioVersion = 17.8.34330.188
MinimumVisualStudioVersion = 10.0.40219.1
Project("{9A19103F-16F7-4668-BE54-9A1E7A4F7556}") = "NBlog.sdk", "NBlog\NBlog.sdk\NBlog.sdk.csproj", "{052E85A2-0FD1-4BA8-8C39-073A096222F6}"
EndProject
Project("{9A19103F-16F7-4668-BE54-9A1E7A4F7556}") = "NBlog.sdk.test", "NBlog\NBlog.sdk.test\NBlog.sdk.test.csproj", "{06F537ED-BE0A-4053-86CC-904203C0680D}"
EndProject
Project("{9A19103F-16F7-4668-BE54-9A1E7A4F7556}") = "NBlogCmd", "NBlog\NBlogCmd\NBlogCmd.csproj", "{4522549F-9AEB-4131-B832-3787D9BBD575}"
EndProject
Project("{9A19103F-16F7-4668-BE54-9A1E7A4F7556}") = "Toolbox", "Tools\Toolbox\Toolbox.csproj", "{9B0B73E8-110C-461E-80D5-37C86666E0D8}"
EndProject
Project("{9A19103F-16F7-4668-BE54-9A1E7A4F7556}") = "Toolbox.Azure", "Tools\Toolbox.Azure\Toolbox.Azure.csproj", "{812E0619-71C5-4332-A518-47294057385E}"
EndProject
Project("{2150E333-8FDC-42A3-9474-1A3956D46DE8}") = "Tools", "Tools", "{322395CE-D247-42A9-A546-36FE58F4A70E}"
EndProject
Project("{9A19103F-16F7-4668-BE54-9A1E7A4F7556}") = "Toolbox.CommandRouter", "Tools\Toolbox.CommandRouter\Toolbox.CommandRouter.csproj", "{358DCC99-1931-4566-8D18-419F132F7525}"
EndProject
Project("{9A19103F-16F7-4668-BE54-9A1E7A4F7556}") = "Toolbox.DocumentSearch", "Tools\Toolbox.DocumentSearch\Toolbox.DocumentSearch.csproj", "{3BC5BAAF-A23F-481A-8DDB-98F5242EBFE2}"
EndProject
Project("{9A19103F-16F7-4668-BE54-9A1E7A4F7556}") = "NBlogWeb3", "NBlog\NBlogWeb3\NBlogWeb3.csproj", "{F73B194D-2125-4581-8412-9B3225DFEBA4}"
EndProject
Project("{9A19103F-16F7-4668-BE54-9A1E7A4F7556}") = "Toolbox.DocumentSearch.test", "Tools\Toolbox.DocumentSearch.test\Toolbox.DocumentSearch.test.csproj", "{C4B7AA74-A8B1-449C-AC54-2C3A217D1C34}"
EndProject
Project("{9A19103F-16F7-4668-BE54-9A1E7A4F7556}") = "Toolbox.Test", "Tools\Toolbox.Test\Toolbox.Test.csproj", "{88A36FF4-5C76-441B-B95C-B6E3FC5F23D4}"
EndProject
Project("{9A19103F-16F7-4668-BE54-9A1E7A4F7556}") = "Toolbox.TestApi", "Tools\Toolbox.TestApi\Toolbox.TestApi.csproj", "{B47984A9-F99C-4E34-BA40-93879DED7633}"
EndProject
Global
	GlobalSection(SolutionConfigurationPlatforms) = preSolution
		Debug|Any CPU = Debug|Any CPU
		Release|Any CPU = Release|Any CPU
	EndGlobalSection
	GlobalSection(ProjectConfigurationPlatforms) = postSolution
		{052E85A2-0FD1-4BA8-8C39-073A096222F6}.Debug|Any CPU.ActiveCfg = Debug|Any CPU
		{052E85A2-0FD1-4BA8-8C39-073A096222F6}.Debug|Any CPU.Build.0 = Debug|Any CPU
		{052E85A2-0FD1-4BA8-8C39-073A096222F6}.Release|Any CPU.ActiveCfg = Release|Any CPU
		{052E85A2-0FD1-4BA8-8C39-073A096222F6}.Release|Any CPU.Build.0 = Release|Any CPU
		{06F537ED-BE0A-4053-86CC-904203C0680D}.Debug|Any CPU.ActiveCfg = Debug|Any CPU
		{06F537ED-BE0A-4053-86CC-904203C0680D}.Debug|Any CPU.Build.0 = Debug|Any CPU
		{06F537ED-BE0A-4053-86CC-904203C0680D}.Release|Any CPU.ActiveCfg = Release|Any CPU
		{06F537ED-BE0A-4053-86CC-904203C0680D}.Release|Any CPU.Build.0 = Release|Any CPU
		{4522549F-9AEB-4131-B832-3787D9BBD575}.Debug|Any CPU.ActiveCfg = Debug|Any CPU
		{4522549F-9AEB-4131-B832-3787D9BBD575}.Debug|Any CPU.Build.0 = Debug|Any CPU
		{4522549F-9AEB-4131-B832-3787D9BBD575}.Release|Any CPU.ActiveCfg = Release|Any CPU
		{4522549F-9AEB-4131-B832-3787D9BBD575}.Release|Any CPU.Build.0 = Release|Any CPU
		{9B0B73E8-110C-461E-80D5-37C86666E0D8}.Debug|Any CPU.ActiveCfg = Debug|Any CPU
		{9B0B73E8-110C-461E-80D5-37C86666E0D8}.Debug|Any CPU.Build.0 = Debug|Any CPU
		{9B0B73E8-110C-461E-80D5-37C86666E0D8}.Release|Any CPU.ActiveCfg = Release|Any CPU
		{9B0B73E8-110C-461E-80D5-37C86666E0D8}.Release|Any CPU.Build.0 = Release|Any CPU
		{812E0619-71C5-4332-A518-47294057385E}.Debug|Any CPU.ActiveCfg = Debug|Any CPU
		{812E0619-71C5-4332-A518-47294057385E}.Debug|Any CPU.Build.0 = Debug|Any CPU
		{812E0619-71C5-4332-A518-47294057385E}.Release|Any CPU.ActiveCfg = Release|Any CPU
		{812E0619-71C5-4332-A518-47294057385E}.Release|Any CPU.Build.0 = Release|Any CPU
		{358DCC99-1931-4566-8D18-419F132F7525}.Debug|Any CPU.ActiveCfg = Debug|Any CPU
		{358DCC99-1931-4566-8D18-419F132F7525}.Debug|Any CPU.Build.0 = Debug|Any CPU
		{358DCC99-1931-4566-8D18-419F132F7525}.Release|Any CPU.ActiveCfg = Release|Any CPU
		{358DCC99-1931-4566-8D18-419F132F7525}.Release|Any CPU.Build.0 = Release|Any CPU
		{3BC5BAAF-A23F-481A-8DDB-98F5242EBFE2}.Debug|Any CPU.ActiveCfg = Debug|Any CPU
		{3BC5BAAF-A23F-481A-8DDB-98F5242EBFE2}.Debug|Any CPU.Build.0 = Debug|Any CPU
		{3BC5BAAF-A23F-481A-8DDB-98F5242EBFE2}.Release|Any CPU.ActiveCfg = Release|Any CPU
		{3BC5BAAF-A23F-481A-8DDB-98F5242EBFE2}.Release|Any CPU.Build.0 = Release|Any CPU
		{F73B194D-2125-4581-8412-9B3225DFEBA4}.Debug|Any CPU.ActiveCfg = Debug|Any CPU
		{F73B194D-2125-4581-8412-9B3225DFEBA4}.Debug|Any CPU.Build.0 = Debug|Any CPU
		{F73B194D-2125-4581-8412-9B3225DFEBA4}.Release|Any CPU.ActiveCfg = Release|Any CPU
		{F73B194D-2125-4581-8412-9B3225DFEBA4}.Release|Any CPU.Build.0 = Release|Any CPU
		{C4B7AA74-A8B1-449C-AC54-2C3A217D1C34}.Debug|Any CPU.ActiveCfg = Debug|Any CPU
		{C4B7AA74-A8B1-449C-AC54-2C3A217D1C34}.Debug|Any CPU.Build.0 = Debug|Any CPU
		{C4B7AA74-A8B1-449C-AC54-2C3A217D1C34}.Release|Any CPU.ActiveCfg = Release|Any CPU
		{C4B7AA74-A8B1-449C-AC54-2C3A217D1C34}.Release|Any CPU.Build.0 = Release|Any CPU
		{88A36FF4-5C76-441B-B95C-B6E3FC5F23D4}.Debug|Any CPU.ActiveCfg = Debug|Any CPU
		{88A36FF4-5C76-441B-B95C-B6E3FC5F23D4}.Debug|Any CPU.Build.0 = Debug|Any CPU
		{88A36FF4-5C76-441B-B95C-B6E3FC5F23D4}.Release|Any CPU.ActiveCfg = Release|Any CPU
		{88A36FF4-5C76-441B-B95C-B6E3FC5F23D4}.Release|Any CPU.Build.0 = Release|Any CPU
		{B47984A9-F99C-4E34-BA40-93879DED7633}.Debug|Any CPU.ActiveCfg = Debug|Any CPU
		{B47984A9-F99C-4E34-BA40-93879DED7633}.Debug|Any CPU.Build.0 = Debug|Any CPU
		{B47984A9-F99C-4E34-BA40-93879DED7633}.Release|Any CPU.ActiveCfg = Release|Any CPU
		{B47984A9-F99C-4E34-BA40-93879DED7633}.Release|Any CPU.Build.0 = Release|Any CPU
	EndGlobalSection
	GlobalSection(SolutionProperties) = preSolution
		HideSolutionNode = FALSE
	EndGlobalSection
	GlobalSection(NestedProjects) = preSolution
		{9B0B73E8-110C-461E-80D5-37C86666E0D8} = {322395CE-D247-42A9-A546-36FE58F4A70E}
		{812E0619-71C5-4332-A518-47294057385E} = {322395CE-D247-42A9-A546-36FE58F4A70E}
		{358DCC99-1931-4566-8D18-419F132F7525} = {322395CE-D247-42A9-A546-36FE58F4A70E}
		{3BC5BAAF-A23F-481A-8DDB-98F5242EBFE2} = {322395CE-D247-42A9-A546-36FE58F4A70E}
		{C4B7AA74-A8B1-449C-AC54-2C3A217D1C34} = {322395CE-D247-42A9-A546-36FE58F4A70E}
		{88A36FF4-5C76-441B-B95C-B6E3FC5F23D4} = {322395CE-D247-42A9-A546-36FE58F4A70E}
		{B47984A9-F99C-4E34-BA40-93879DED7633} = {322395CE-D247-42A9-A546-36FE58F4A70E}
	EndGlobalSection
	GlobalSection(ExtensibilityGlobals) = postSolution
		SolutionGuid = {E4CF92A9-A73C-4E21-BCAD-7F93A2B2D579}
	EndGlobalSection
EndGlobal
