
Microsoft Visual Studio Solution File, Format Version 12.00
# Visual Studio Version 17
VisualStudioVersion = 17.14.36414.22
MinimumVisualStudioVersion = 10.0.40219.1
Project("{FAE04EC0-301F-11D3-BF4B-00C04F79EFBC}") = "RaceAliveWeb", "RaceAlive\RaceAliveWeb\RaceAliveWeb.csproj", "{C371A1ED-BF40-4A6A-97EF-373B69D6347B}"
EndProject
Project("{2150E333-8FDC-42A3-9474-1A3956D46DE8}") = "Tools", "Tools", "{02EA681E-C7D8-13C7-8484-4AC65E1B71E8}"
EndProject
Project("{2150E333-8FDC-42A3-9474-1A3956D46DE8}") = "Github", "Github", "{450405A3-65B8-4115-83D2-81B34256D68B}"
	ProjectSection(SolutionItems) = preProject
		..\.github\workflows\build-racealiveweb.yaml = ..\.github\workflows\build-racealiveweb.yaml
	EndProjectSection
EndProject
Project("{FAE04EC0-301F-11D3-BF4B-00C04F79EFBC}") = "Toolbox", "Tools\Toolbox\Toolbox.csproj", "{417421B0-A673-1FC9-466E-966A01EF5BFA}"
EndProject
Project("{FAE04EC0-301F-11D3-BF4B-00C04F79EFBC}") = "RaceAlive.sdk", "RaceAlive\RaceAlive.sdk\RaceAlive.sdk.csproj", "{3A59AD53-75B1-4BD0-95A9-9F0898BEE231}"
EndProject
Global
	GlobalSection(SolutionConfigurationPlatforms) = preSolution
		Debug|Any CPU = Debug|Any CPU
		Release|Any CPU = Release|Any CPU
	EndGlobalSection
	GlobalSection(ProjectConfigurationPlatforms) = postSolution
		{C371A1ED-BF40-4A6A-97EF-373B69D6347B}.Debug|Any CPU.ActiveCfg = Debug|Any CPU
		{C371A1ED-BF40-4A6A-97EF-373B69D6347B}.Debug|Any CPU.Build.0 = Debug|Any CPU
		{C371A1ED-BF40-4A6A-97EF-373B69D6347B}.Release|Any CPU.ActiveCfg = Release|Any CPU
		{C371A1ED-BF40-4A6A-97EF-373B69D6347B}.Release|Any CPU.Build.0 = Release|Any CPU
		{417421B0-A673-1FC9-466E-966A01EF5BFA}.Debug|Any CPU.ActiveCfg = Debug|Any CPU
		{417421B0-A673-1FC9-466E-966A01EF5BFA}.Debug|Any CPU.Build.0 = Debug|Any CPU
		{417421B0-A673-1FC9-466E-966A01EF5BFA}.Release|Any CPU.ActiveCfg = Release|Any CPU
		{417421B0-A673-1FC9-466E-966A01EF5BFA}.Release|Any CPU.Build.0 = Release|Any CPU
		{3A59AD53-75B1-4BD0-95A9-9F0898BEE231}.Debug|Any CPU.ActiveCfg = Debug|Any CPU
		{3A59AD53-75B1-4BD0-95A9-9F0898BEE231}.Debug|Any CPU.Build.0 = Debug|Any CPU
		{3A59AD53-75B1-4BD0-95A9-9F0898BEE231}.Release|Any CPU.ActiveCfg = Release|Any CPU
		{3A59AD53-75B1-4BD0-95A9-9F0898BEE231}.Release|Any CPU.Build.0 = Release|Any CPU
	EndGlobalSection
	GlobalSection(SolutionProperties) = preSolution
		HideSolutionNode = FALSE
	EndGlobalSection
	GlobalSection(NestedProjects) = preSolution
		{417421B0-A673-1FC9-466E-966A01EF5BFA} = {02EA681E-C7D8-13C7-8484-4AC65E1B71E8}
	EndGlobalSection
	GlobalSection(ExtensibilityGlobals) = postSolution
		SolutionGuid = {9AD19E9E-D4CB-4B46-BEB7-9D4B720083A6}
	EndGlobalSection
EndGlobal
