
Microsoft Visual Studio Solution File, Format Version 12.00
# Visual Studio Version 16
VisualStudioVersion = 16.0.30804.86
MinimumVisualStudioVersion = 10.0.40219.1
Project("{9A19103F-16F7-4668-BE54-9A1E7A4F7556}") = "Toolbox", "Tools\Toolbox\Toolbox.csproj", "{BBB411DD-C61D-4240-AC6B-C854C2E2F7B1}"
EndProject
Project("{9A19103F-16F7-4668-BE54-9A1E7A4F7556}") = "Toolbox.Azure", "Tools\Toolbox.Azure\Toolbox.Azure.csproj", "{09272BDD-7E4B-4FDA-AF52-C24BF2DF4922}"
EndProject
Project("{9A19103F-16F7-4668-BE54-9A1E7A4F7556}") = "Toolbox.Test", "Tools\Toolbox.Test\Toolbox.Test.csproj", "{5C3611BF-5BAD-4F81-92A0-4AA59BADA7C3}"
EndProject
Project("{9A19103F-16F7-4668-BE54-9A1E7A4F7556}") = "ToolBox.Azure.Test", "Tools\ToolBox.Azure.Test\ToolBox.Azure.Test.csproj", "{CDA25FC6-920B-4445-8708-02E37B87408A}"
EndProject
Project("{9A19103F-16F7-4668-BE54-9A1E7A4F7556}") = "Directory", "Directory\Directory.csproj", "{4C4E5EFB-2CA4-427F-8175-F7CD0E104ADE}"
EndProject
Project("{9A19103F-16F7-4668-BE54-9A1E7A4F7556}") = "ArtifactStore", "Artifact\ArtifactStore\ArtifactStore.csproj", "{C303A1BC-20AE-4810-AAB2-F72A16F4A689}"
EndProject
Project("{9A19103F-16F7-4668-BE54-9A1E7A4F7556}") = "ArtifactStore.sdk", "Artifact\ArtifactStore.sdk\ArtifactStore.sdk.csproj", "{2D522367-2138-4390-84B1-58E46F2E197F}"
EndProject
Project("{9A19103F-16F7-4668-BE54-9A1E7A4F7556}") = "ArtifactStore.Test", "Artifact\ArtifactStore.Test\ArtifactStore.Test.csproj", "{B54E3A84-F19D-4D9B-A699-AE1D76423609}"
EndProject
Project("{9A19103F-16F7-4668-BE54-9A1E7A4F7556}") = "ArtifactStore.sdk.Test", "Artifact\ArtifactStore.sdk.Test\ArtifactStore.sdk.Test.csproj", "{DB173CE0-BED8-4631-B81A-43BBF62BCFE8}"
EndProject
Project("{2150E333-8FDC-42A3-9474-1A3956D46DE8}") = "Tools", "Tools", "{363371EF-FAAC-42B7-999F-54CAA56F6910}"
EndProject
Project("{2150E333-8FDC-42A3-9474-1A3956D46DE8}") = "Artifact", "Artifact", "{A39E309B-44C6-4E99-8A41-380EDBC0A276}"
EndProject
Project("{2150E333-8FDC-42A3-9474-1A3956D46DE8}") = "Message", "Message", "{087E0453-1199-4214-82F0-A062D4157582}"
EndProject
Project("{9A19103F-16F7-4668-BE54-9A1E7A4F7556}") = "MessageNet.sdk", "Message\MessageNet.sdk\MessageNet.sdk.csproj", "{6CBD99A1-69E4-4B36-AC75-89300F254493}"
EndProject
Project("{9A19103F-16F7-4668-BE54-9A1E7A4F7556}") = "MessageNet.sdk.Test", "Message\MessageNet.sdk.Test\MessageNet.sdk.Test.csproj", "{8BE4D610-E0EC-4CC4-8A3E-09A505DB868C}"
EndProject
Project("{9A19103F-16F7-4668-BE54-9A1E7A4F7556}") = "MessageNet", "Message\MessageNet\MessageNet.csproj", "{98605890-E0FC-49B5-8DAD-43498451719E}"
EndProject
Project("{9A19103F-16F7-4668-BE54-9A1E7A4F7556}") = "MessageNet.Test", "Message\MessageNet.Test\MessageNet.Test.csproj", "{E21CF844-1546-47EC-B365-B3E18AC6A701}"
EndProject
Project("{9A19103F-16F7-4668-BE54-9A1E7A4F7556}") = "Spin.Common", "Tools\Spin.Common\Spin.Common.csproj", "{7FCFEFCE-8F38-4703-BE2A-4949CCA1086C}"
EndProject
Project("{9A19103F-16F7-4668-BE54-9A1E7A4F7556}") = "BlockChain.sdk", "BlockChain\BlockChain.sdk\BlockChain.sdk.csproj", "{6997EB4F-EAA9-4DE3-99E8-9D2F70E04BCB}"
EndProject
Project("{9A19103F-16F7-4668-BE54-9A1E7A4F7556}") = "Toolbox.BlockDocument", "Tools\Toolbox.BlockDocument\Toolbox.BlockDocument.csproj", "{B5509DC4-097D-4117-AC66-F11B9BC0317E}"
EndProject
Project("{9A19103F-16F7-4668-BE54-9A1E7A4F7556}") = "Toolbox.Security", "Tools\Toolbox.Security\Toolbox.Security.csproj", "{64E1903F-C23B-4E81-8A37-0844A4A62717}"
EndProject
Project("{2150E333-8FDC-42A3-9474-1A3956D46DE8}") = "BlockChain", "BlockChain", "{DF33047E-B623-4908-88C6-665550651750}"
EndProject
Project("{9A19103F-16F7-4668-BE54-9A1E7A4F7556}") = "Toolbox.Security.Test", "Tools\Toolbox.Security.Test\Toolbox.Security.Test.csproj", "{8D279FBC-C08A-4EDA-A7B9-9B81B73BD53C}"
EndProject
Project("{9A19103F-16F7-4668-BE54-9A1E7A4F7556}") = "Toolbox.BlockDocument.Test", "Tools\Toolbox.BlockDocument.Test\Toolbox.BlockDocument.Test.csproj", "{DD686616-2849-4560-B599-CB28CC0FF26B}"
EndProject
Project("{2150E333-8FDC-42A3-9474-1A3956D46DE8}") = "Identity", "Identity", "{B39986F7-6F57-4BDD-83BD-DDBE5391B1E8}"
EndProject
Project("{FAE04EC0-301F-11D3-BF4B-00C04F79EFBC}") = "Identity.sdk", "Identity\Identity.sdk\Identity.sdk.csproj", "{EC1711B4-42E5-46B2-AA74-CFD87A6112DD}"
EndProject
Global
	GlobalSection(SolutionConfigurationPlatforms) = preSolution
		Debug|Any CPU = Debug|Any CPU
		Release|Any CPU = Release|Any CPU
	EndGlobalSection
	GlobalSection(ProjectConfigurationPlatforms) = postSolution
		{BBB411DD-C61D-4240-AC6B-C854C2E2F7B1}.Debug|Any CPU.ActiveCfg = Debug|Any CPU
		{BBB411DD-C61D-4240-AC6B-C854C2E2F7B1}.Debug|Any CPU.Build.0 = Debug|Any CPU
		{BBB411DD-C61D-4240-AC6B-C854C2E2F7B1}.Release|Any CPU.ActiveCfg = Release|Any CPU
		{BBB411DD-C61D-4240-AC6B-C854C2E2F7B1}.Release|Any CPU.Build.0 = Release|Any CPU
		{09272BDD-7E4B-4FDA-AF52-C24BF2DF4922}.Debug|Any CPU.ActiveCfg = Debug|Any CPU
		{09272BDD-7E4B-4FDA-AF52-C24BF2DF4922}.Debug|Any CPU.Build.0 = Debug|Any CPU
		{09272BDD-7E4B-4FDA-AF52-C24BF2DF4922}.Release|Any CPU.ActiveCfg = Release|Any CPU
		{09272BDD-7E4B-4FDA-AF52-C24BF2DF4922}.Release|Any CPU.Build.0 = Release|Any CPU
		{5C3611BF-5BAD-4F81-92A0-4AA59BADA7C3}.Debug|Any CPU.ActiveCfg = Debug|Any CPU
		{5C3611BF-5BAD-4F81-92A0-4AA59BADA7C3}.Debug|Any CPU.Build.0 = Debug|Any CPU
		{5C3611BF-5BAD-4F81-92A0-4AA59BADA7C3}.Release|Any CPU.ActiveCfg = Release|Any CPU
		{5C3611BF-5BAD-4F81-92A0-4AA59BADA7C3}.Release|Any CPU.Build.0 = Release|Any CPU
		{CDA25FC6-920B-4445-8708-02E37B87408A}.Debug|Any CPU.ActiveCfg = Debug|Any CPU
		{CDA25FC6-920B-4445-8708-02E37B87408A}.Debug|Any CPU.Build.0 = Debug|Any CPU
		{CDA25FC6-920B-4445-8708-02E37B87408A}.Release|Any CPU.ActiveCfg = Release|Any CPU
		{CDA25FC6-920B-4445-8708-02E37B87408A}.Release|Any CPU.Build.0 = Release|Any CPU
		{4C4E5EFB-2CA4-427F-8175-F7CD0E104ADE}.Debug|Any CPU.ActiveCfg = Debug|Any CPU
		{4C4E5EFB-2CA4-427F-8175-F7CD0E104ADE}.Debug|Any CPU.Build.0 = Debug|Any CPU
		{4C4E5EFB-2CA4-427F-8175-F7CD0E104ADE}.Release|Any CPU.ActiveCfg = Release|Any CPU
		{4C4E5EFB-2CA4-427F-8175-F7CD0E104ADE}.Release|Any CPU.Build.0 = Release|Any CPU
		{C303A1BC-20AE-4810-AAB2-F72A16F4A689}.Debug|Any CPU.ActiveCfg = Debug|Any CPU
		{C303A1BC-20AE-4810-AAB2-F72A16F4A689}.Debug|Any CPU.Build.0 = Debug|Any CPU
		{C303A1BC-20AE-4810-AAB2-F72A16F4A689}.Release|Any CPU.ActiveCfg = Release|Any CPU
		{C303A1BC-20AE-4810-AAB2-F72A16F4A689}.Release|Any CPU.Build.0 = Release|Any CPU
		{2D522367-2138-4390-84B1-58E46F2E197F}.Debug|Any CPU.ActiveCfg = Debug|Any CPU
		{2D522367-2138-4390-84B1-58E46F2E197F}.Debug|Any CPU.Build.0 = Debug|Any CPU
		{2D522367-2138-4390-84B1-58E46F2E197F}.Release|Any CPU.ActiveCfg = Release|Any CPU
		{2D522367-2138-4390-84B1-58E46F2E197F}.Release|Any CPU.Build.0 = Release|Any CPU
		{B54E3A84-F19D-4D9B-A699-AE1D76423609}.Debug|Any CPU.ActiveCfg = Debug|Any CPU
		{B54E3A84-F19D-4D9B-A699-AE1D76423609}.Debug|Any CPU.Build.0 = Debug|Any CPU
		{B54E3A84-F19D-4D9B-A699-AE1D76423609}.Release|Any CPU.ActiveCfg = Release|Any CPU
		{B54E3A84-F19D-4D9B-A699-AE1D76423609}.Release|Any CPU.Build.0 = Release|Any CPU
		{DB173CE0-BED8-4631-B81A-43BBF62BCFE8}.Debug|Any CPU.ActiveCfg = Debug|Any CPU
		{DB173CE0-BED8-4631-B81A-43BBF62BCFE8}.Debug|Any CPU.Build.0 = Debug|Any CPU
		{DB173CE0-BED8-4631-B81A-43BBF62BCFE8}.Release|Any CPU.ActiveCfg = Release|Any CPU
		{DB173CE0-BED8-4631-B81A-43BBF62BCFE8}.Release|Any CPU.Build.0 = Release|Any CPU
		{6CBD99A1-69E4-4B36-AC75-89300F254493}.Debug|Any CPU.ActiveCfg = Debug|Any CPU
		{6CBD99A1-69E4-4B36-AC75-89300F254493}.Debug|Any CPU.Build.0 = Debug|Any CPU
		{6CBD99A1-69E4-4B36-AC75-89300F254493}.Release|Any CPU.ActiveCfg = Release|Any CPU
		{6CBD99A1-69E4-4B36-AC75-89300F254493}.Release|Any CPU.Build.0 = Release|Any CPU
		{8BE4D610-E0EC-4CC4-8A3E-09A505DB868C}.Debug|Any CPU.ActiveCfg = Debug|Any CPU
		{8BE4D610-E0EC-4CC4-8A3E-09A505DB868C}.Debug|Any CPU.Build.0 = Debug|Any CPU
		{8BE4D610-E0EC-4CC4-8A3E-09A505DB868C}.Release|Any CPU.ActiveCfg = Release|Any CPU
		{8BE4D610-E0EC-4CC4-8A3E-09A505DB868C}.Release|Any CPU.Build.0 = Release|Any CPU
		{98605890-E0FC-49B5-8DAD-43498451719E}.Debug|Any CPU.ActiveCfg = Debug|Any CPU
		{98605890-E0FC-49B5-8DAD-43498451719E}.Debug|Any CPU.Build.0 = Debug|Any CPU
		{98605890-E0FC-49B5-8DAD-43498451719E}.Release|Any CPU.ActiveCfg = Release|Any CPU
		{98605890-E0FC-49B5-8DAD-43498451719E}.Release|Any CPU.Build.0 = Release|Any CPU
		{E21CF844-1546-47EC-B365-B3E18AC6A701}.Debug|Any CPU.ActiveCfg = Debug|Any CPU
		{E21CF844-1546-47EC-B365-B3E18AC6A701}.Debug|Any CPU.Build.0 = Debug|Any CPU
		{E21CF844-1546-47EC-B365-B3E18AC6A701}.Release|Any CPU.ActiveCfg = Release|Any CPU
		{E21CF844-1546-47EC-B365-B3E18AC6A701}.Release|Any CPU.Build.0 = Release|Any CPU
		{7FCFEFCE-8F38-4703-BE2A-4949CCA1086C}.Debug|Any CPU.ActiveCfg = Debug|Any CPU
		{7FCFEFCE-8F38-4703-BE2A-4949CCA1086C}.Debug|Any CPU.Build.0 = Debug|Any CPU
		{7FCFEFCE-8F38-4703-BE2A-4949CCA1086C}.Release|Any CPU.ActiveCfg = Release|Any CPU
		{7FCFEFCE-8F38-4703-BE2A-4949CCA1086C}.Release|Any CPU.Build.0 = Release|Any CPU
		{6997EB4F-EAA9-4DE3-99E8-9D2F70E04BCB}.Debug|Any CPU.ActiveCfg = Debug|Any CPU
		{6997EB4F-EAA9-4DE3-99E8-9D2F70E04BCB}.Debug|Any CPU.Build.0 = Debug|Any CPU
		{6997EB4F-EAA9-4DE3-99E8-9D2F70E04BCB}.Release|Any CPU.ActiveCfg = Release|Any CPU
		{6997EB4F-EAA9-4DE3-99E8-9D2F70E04BCB}.Release|Any CPU.Build.0 = Release|Any CPU
		{B5509DC4-097D-4117-AC66-F11B9BC0317E}.Debug|Any CPU.ActiveCfg = Debug|Any CPU
		{B5509DC4-097D-4117-AC66-F11B9BC0317E}.Debug|Any CPU.Build.0 = Debug|Any CPU
		{B5509DC4-097D-4117-AC66-F11B9BC0317E}.Release|Any CPU.ActiveCfg = Release|Any CPU
		{B5509DC4-097D-4117-AC66-F11B9BC0317E}.Release|Any CPU.Build.0 = Release|Any CPU
		{64E1903F-C23B-4E81-8A37-0844A4A62717}.Debug|Any CPU.ActiveCfg = Debug|Any CPU
		{64E1903F-C23B-4E81-8A37-0844A4A62717}.Debug|Any CPU.Build.0 = Debug|Any CPU
		{64E1903F-C23B-4E81-8A37-0844A4A62717}.Release|Any CPU.ActiveCfg = Release|Any CPU
		{64E1903F-C23B-4E81-8A37-0844A4A62717}.Release|Any CPU.Build.0 = Release|Any CPU
		{8D279FBC-C08A-4EDA-A7B9-9B81B73BD53C}.Debug|Any CPU.ActiveCfg = Debug|Any CPU
		{8D279FBC-C08A-4EDA-A7B9-9B81B73BD53C}.Debug|Any CPU.Build.0 = Debug|Any CPU
		{8D279FBC-C08A-4EDA-A7B9-9B81B73BD53C}.Release|Any CPU.ActiveCfg = Release|Any CPU
		{8D279FBC-C08A-4EDA-A7B9-9B81B73BD53C}.Release|Any CPU.Build.0 = Release|Any CPU
		{DD686616-2849-4560-B599-CB28CC0FF26B}.Debug|Any CPU.ActiveCfg = Debug|Any CPU
		{DD686616-2849-4560-B599-CB28CC0FF26B}.Debug|Any CPU.Build.0 = Debug|Any CPU
		{DD686616-2849-4560-B599-CB28CC0FF26B}.Release|Any CPU.ActiveCfg = Release|Any CPU
		{DD686616-2849-4560-B599-CB28CC0FF26B}.Release|Any CPU.Build.0 = Release|Any CPU
		{EC1711B4-42E5-46B2-AA74-CFD87A6112DD}.Debug|Any CPU.ActiveCfg = Debug|Any CPU
		{EC1711B4-42E5-46B2-AA74-CFD87A6112DD}.Debug|Any CPU.Build.0 = Debug|Any CPU
		{EC1711B4-42E5-46B2-AA74-CFD87A6112DD}.Release|Any CPU.ActiveCfg = Release|Any CPU
		{EC1711B4-42E5-46B2-AA74-CFD87A6112DD}.Release|Any CPU.Build.0 = Release|Any CPU
	EndGlobalSection
	GlobalSection(SolutionProperties) = preSolution
		HideSolutionNode = FALSE
	EndGlobalSection
	GlobalSection(NestedProjects) = preSolution
		{BBB411DD-C61D-4240-AC6B-C854C2E2F7B1} = {363371EF-FAAC-42B7-999F-54CAA56F6910}
		{09272BDD-7E4B-4FDA-AF52-C24BF2DF4922} = {363371EF-FAAC-42B7-999F-54CAA56F6910}
		{5C3611BF-5BAD-4F81-92A0-4AA59BADA7C3} = {363371EF-FAAC-42B7-999F-54CAA56F6910}
		{CDA25FC6-920B-4445-8708-02E37B87408A} = {363371EF-FAAC-42B7-999F-54CAA56F6910}
		{C303A1BC-20AE-4810-AAB2-F72A16F4A689} = {A39E309B-44C6-4E99-8A41-380EDBC0A276}
		{2D522367-2138-4390-84B1-58E46F2E197F} = {A39E309B-44C6-4E99-8A41-380EDBC0A276}
		{B54E3A84-F19D-4D9B-A699-AE1D76423609} = {A39E309B-44C6-4E99-8A41-380EDBC0A276}
		{DB173CE0-BED8-4631-B81A-43BBF62BCFE8} = {A39E309B-44C6-4E99-8A41-380EDBC0A276}
		{6CBD99A1-69E4-4B36-AC75-89300F254493} = {087E0453-1199-4214-82F0-A062D4157582}
		{8BE4D610-E0EC-4CC4-8A3E-09A505DB868C} = {087E0453-1199-4214-82F0-A062D4157582}
		{98605890-E0FC-49B5-8DAD-43498451719E} = {087E0453-1199-4214-82F0-A062D4157582}
		{E21CF844-1546-47EC-B365-B3E18AC6A701} = {087E0453-1199-4214-82F0-A062D4157582}
		{7FCFEFCE-8F38-4703-BE2A-4949CCA1086C} = {363371EF-FAAC-42B7-999F-54CAA56F6910}
		{6997EB4F-EAA9-4DE3-99E8-9D2F70E04BCB} = {DF33047E-B623-4908-88C6-665550651750}
		{B5509DC4-097D-4117-AC66-F11B9BC0317E} = {363371EF-FAAC-42B7-999F-54CAA56F6910}
		{64E1903F-C23B-4E81-8A37-0844A4A62717} = {363371EF-FAAC-42B7-999F-54CAA56F6910}
		{8D279FBC-C08A-4EDA-A7B9-9B81B73BD53C} = {363371EF-FAAC-42B7-999F-54CAA56F6910}
		{DD686616-2849-4560-B599-CB28CC0FF26B} = {363371EF-FAAC-42B7-999F-54CAA56F6910}
		{EC1711B4-42E5-46B2-AA74-CFD87A6112DD} = {B39986F7-6F57-4BDD-83BD-DDBE5391B1E8}
	EndGlobalSection
	GlobalSection(ExtensibilityGlobals) = postSolution
		SolutionGuid = {2737D286-DF88-4536-ADB7-D42352CD655C}
	EndGlobalSection
EndGlobal
