
Microsoft Visual Studio Solution File, Format Version 12.00
# Visual Studio Version 16
VisualStudioVersion = 16.0.30406.217
MinimumVisualStudioVersion = 10.0.40219.1
Project("{9A19103F-16F7-4668-BE54-9A1E7A4F7556}") = "KNodeWeb", "KNodeWeb\KNodeWeb.csproj", "{C7311CE6-A985-4187-BF33-C65EE18F72D8}"
EndProject
Project("{FAE04EC0-301F-11D3-BF4B-00C04F79EFBC}") = "Toolbox", "Toolbox\Toolbox.csproj", "{BF4102EE-B829-4737-8BA9-515E8CB684BA}"
EndProject
Project("{2150E333-8FDC-42A3-9474-1A3956D46DE8}") = "Solution Items", "Solution Items", "{E6D973A2-BFE0-4417-8011-ED1AE0E3521C}"
	ProjectSection(SolutionItems) = preProject
		.editorconfig = .editorconfig
	EndProjectSection
EndProject
Global
	GlobalSection(SolutionConfigurationPlatforms) = preSolution
		Debug|Any CPU = Debug|Any CPU
		Release|Any CPU = Release|Any CPU
	EndGlobalSection
	GlobalSection(ProjectConfigurationPlatforms) = postSolution
		{C7311CE6-A985-4187-BF33-C65EE18F72D8}.Debug|Any CPU.ActiveCfg = Debug|Any CPU
		{C7311CE6-A985-4187-BF33-C65EE18F72D8}.Debug|Any CPU.Build.0 = Debug|Any CPU
		{C7311CE6-A985-4187-BF33-C65EE18F72D8}.Release|Any CPU.ActiveCfg = Release|Any CPU
		{C7311CE6-A985-4187-BF33-C65EE18F72D8}.Release|Any CPU.Build.0 = Release|Any CPU
		{BF4102EE-B829-4737-8BA9-515E8CB684BA}.Debug|Any CPU.ActiveCfg = Debug|Any CPU
		{BF4102EE-B829-4737-8BA9-515E8CB684BA}.Debug|Any CPU.Build.0 = Debug|Any CPU
		{BF4102EE-B829-4737-8BA9-515E8CB684BA}.Release|Any CPU.ActiveCfg = Release|Any CPU
		{BF4102EE-B829-4737-8BA9-515E8CB684BA}.Release|Any CPU.Build.0 = Release|Any CPU
	EndGlobalSection
	GlobalSection(SolutionProperties) = preSolution
		HideSolutionNode = FALSE
	EndGlobalSection
	GlobalSection(ExtensibilityGlobals) = postSolution
		SolutionGuid = {CFDD277B-A60A-4E82-8F71-91170584FD5D}
	EndGlobalSection
EndGlobal
