
Microsoft Visual Studio Solution File, Format Version 12.00
# Visual Studio Version 17
VisualStudioVersion = 17.11.35327.3
MinimumVisualStudioVersion = 10.0.40219.1
Project("{9A19103F-16F7-4668-BE54-9A1E7A4F7556}") = "TicketShareWeb_old", "TicketShareWeb_old.csproj", "{501A5976-C5F2-4ED6-ACDB-27F2F06A62E8}"
EndProject
Project("{9A19103F-16F7-4668-BE54-9A1E7A4F7556}") = "TicketShare.sdk", "..\TicketShare.sdk\TicketShare.sdk.csproj", "{BF5ED93F-FE2F-48FF-B344-E7ACC6CF502A}"
EndProject
Global
	GlobalSection(SolutionConfigurationPlatforms) = preSolution
		Debug|Any CPU = Debug|Any CPU
		Release|Any CPU = Release|Any CPU
	EndGlobalSection
	GlobalSection(ProjectConfigurationPlatforms) = postSolution
		{501A5976-C5F2-4ED6-ACDB-27F2F06A62E8}.Debug|Any CPU.ActiveCfg = Debug|Any CPU
		{501A5976-C5F2-4ED6-ACDB-27F2F06A62E8}.Debug|Any CPU.Build.0 = Debug|Any CPU
		{501A5976-C5F2-4ED6-ACDB-27F2F06A62E8}.Release|Any CPU.ActiveCfg = Release|Any CPU
		{501A5976-C5F2-4ED6-ACDB-27F2F06A62E8}.Release|Any CPU.Build.0 = Release|Any CPU
		{BF5ED93F-FE2F-48FF-B344-E7ACC6CF502A}.Debug|Any CPU.ActiveCfg = Debug|Any CPU
		{BF5ED93F-FE2F-48FF-B344-E7ACC6CF502A}.Debug|Any CPU.Build.0 = Debug|Any CPU
		{BF5ED93F-FE2F-48FF-B344-E7ACC6CF502A}.Release|Any CPU.ActiveCfg = Release|Any CPU
		{BF5ED93F-FE2F-48FF-B344-E7ACC6CF502A}.Release|Any CPU.Build.0 = Release|Any CPU
	EndGlobalSection
	GlobalSection(SolutionProperties) = preSolution
		HideSolutionNode = FALSE
	EndGlobalSection
	GlobalSection(ExtensibilityGlobals) = postSolution
		SolutionGuid = {9EFFA7F6-9FAA-45CD-946C-D14120F0F669}
	EndGlobalSection
EndGlobal
